// !$*UTF8*$!
{
	archiveVersion = 1;
	classes = {
	};
	objectVersion = 46;
	objects = {

/* Begin PBXBuildFile section */
		649E6D1021434A70B913E55D /* Pods.framework in Frameworks */ = {isa = PBXBuildFile; fileRef = AF8609AFAAC7EB10EB6B3416 /* Pods.framework */; settings = {ATTRIBUTES = (Weak, ); }; };
		FA1212671B543F8100600FFB /* ItemCell.swift in Sources */ = {isa = PBXBuildFile; fileRef = FA1212661B543F8100600FFB /* ItemCell.swift */; };
		FA2FFDAF1B50EDBD00D6CD8D /* FeedHandler.swift in Sources */ = {isa = PBXBuildFile; fileRef = FA2FFDAE1B50EDBD00D6CD8D /* FeedHandler.swift */; };
		FAD8FEE31B50EA4B00761776 /* AppDelegate.swift in Sources */ = {isa = PBXBuildFile; fileRef = FAD8FEE21B50EA4B00761776 /* AppDelegate.swift */; };
		FAD8FEE51B50EA4B00761776 /* ViewController.swift in Sources */ = {isa = PBXBuildFile; fileRef = FAD8FEE41B50EA4B00761776 /* ViewController.swift */; };
		FAD8FEE81B50EA4B00761776 /* Main.storyboard in Resources */ = {isa = PBXBuildFile; fileRef = FAD8FEE61B50EA4B00761776 /* Main.storyboard */; };
		FAD8FEEA1B50EA4B00761776 /* Images.xcassets in Resources */ = {isa = PBXBuildFile; fileRef = FAD8FEE91B50EA4B00761776 /* Images.xcassets */; };
		FAD8FEED1B50EA4B00761776 /* LaunchScreen.xib in Resources */ = {isa = PBXBuildFile; fileRef = FAD8FEEB1B50EA4B00761776 /* LaunchScreen.xib */; };
		FAD8FEF91B50EA4B00761776 /* Fly4FreeTests.swift in Sources */ = {isa = PBXBuildFile; fileRef = FAD8FEF81B50EA4B00761776 /* Fly4FreeTests.swift */; };
		FAD8FF051B50EB8D00761776 /* Podfile in Resources */ = {isa = PBXBuildFile; fileRef = FAD8FF041B50EB8D00761776 /* Podfile */; };
		FAFD71001B54421500CE86FA /* Item.swift in Sources */ = {isa = PBXBuildFile; fileRef = FAFD70FF1B54421500CE86FA /* Item.swift */; };
/* End PBXBuildFile section */

/* Begin PBXContainerItemProxy section */
		FAD8FEF31B50EA4B00761776 /* PBXContainerItemProxy */ = {
			isa = PBXContainerItemProxy;
			containerPortal = FAD8FED51B50EA4B00761776 /* Project object */;
			proxyType = 1;
			remoteGlobalIDString = FAD8FEDC1B50EA4B00761776;
			remoteInfo = Fly4Free;
		};
/* End PBXContainerItemProxy section */

/* Begin PBXFileReference section */
		3216A18EF0BAC94AEC34D978 /* Pods.release.xcconfig */ = {isa = PBXFileReference; includeInIndex = 1; lastKnownFileType = text.xcconfig; name = Pods.release.xcconfig; path = "Pods/Target Support Files/Pods/Pods.release.xcconfig"; sourceTree = "<group>"; };
		AF8609AFAAC7EB10EB6B3416 /* Pods.framework */ = {isa = PBXFileReference; explicitFileType = wrapper.framework; includeInIndex = 0; path = Pods.framework; sourceTree = BUILT_PRODUCTS_DIR; };
		F58A2B75CFA876DA6BA82520 /* Pods.debug.xcconfig */ = {isa = PBXFileReference; includeInIndex = 1; lastKnownFileType = text.xcconfig; name = Pods.debug.xcconfig; path = "Pods/Target Support Files/Pods/Pods.debug.xcconfig"; sourceTree = "<group>"; };
		FA1212661B543F8100600FFB /* ItemCell.swift */ = {isa = PBXFileReference; fileEncoding = 4; lastKnownFileType = sourcecode.swift; path = ItemCell.swift; sourceTree = "<group>"; };
		FA2FFDAE1B50EDBD00D6CD8D /* FeedHandler.swift */ = {isa = PBXFileReference; fileEncoding = 4; lastKnownFileType = sourcecode.swift; path = FeedHandler.swift; sourceTree = "<group>"; };
		FAD8FEDD1B50EA4B00761776 /* Fly4Free.app */ = {isa = PBXFileReference; explicitFileType = wrapper.application; includeInIndex = 0; path = Fly4Free.app; sourceTree = BUILT_PRODUCTS_DIR; };
		FAD8FEE11B50EA4B00761776 /* Info.plist */ = {isa = PBXFileReference; lastKnownFileType = text.plist.xml; path = Info.plist; sourceTree = "<group>"; };
		FAD8FEE21B50EA4B00761776 /* AppDelegate.swift */ = {isa = PBXFileReference; lastKnownFileType = sourcecode.swift; path = AppDelegate.swift; sourceTree = "<group>"; };
		FAD8FEE41B50EA4B00761776 /* ViewController.swift */ = {isa = PBXFileReference; lastKnownFileType = sourcecode.swift; path = ViewController.swift; sourceTree = "<group>"; };
		FAD8FEE71B50EA4B00761776 /* Base */ = {isa = PBXFileReference; lastKnownFileType = file.storyboard; name = Base; path = Base.lproj/Main.storyboard; sourceTree = "<group>"; };
		FAD8FEE91B50EA4B00761776 /* Images.xcassets */ = {isa = PBXFileReference; lastKnownFileType = folder.assetcatalog; path = Images.xcassets; sourceTree = "<group>"; };
		FAD8FEEC1B50EA4B00761776 /* Base */ = {isa = PBXFileReference; lastKnownFileType = file.xib; name = Base; path = Base.lproj/LaunchScreen.xib; sourceTree = "<group>"; };
		FAD8FEF21B50EA4B00761776 /* Fly4FreeTests.xctest */ = {isa = PBXFileReference; explicitFileType = wrapper.cfbundle; includeInIndex = 0; path = Fly4FreeTests.xctest; sourceTree = BUILT_PRODUCTS_DIR; };
		FAD8FEF71B50EA4B00761776 /* Info.plist */ = {isa = PBXFileReference; lastKnownFileType = text.plist.xml; path = Info.plist; sourceTree = "<group>"; };
		FAD8FEF81B50EA4B00761776 /* Fly4FreeTests.swift */ = {isa = PBXFileReference; lastKnownFileType = sourcecode.swift; path = Fly4FreeTests.swift; sourceTree = "<group>"; };
		FAD8FF041B50EB8D00761776 /* Podfile */ = {isa = PBXFileReference; fileEncoding = 4; lastKnownFileType = text; path = Podfile; sourceTree = SOURCE_ROOT; };
		FAFD70FF1B54421500CE86FA /* Item.swift */ = {isa = PBXFileReference; fileEncoding = 4; lastKnownFileType = sourcecode.swift; path = Item.swift; sourceTree = "<group>"; };
/* End PBXFileReference section */

/* Begin PBXFrameworksBuildPhase section */
		FAD8FEDA1B50EA4B00761776 /* Frameworks */ = {
			isa = PBXFrameworksBuildPhase;
			buildActionMask = 2147483647;
			files = (
				649E6D1021434A70B913E55D /* Pods.framework in Frameworks */,
			);
			runOnlyForDeploymentPostprocessing = 0;
		};
		FAD8FEEF1B50EA4B00761776 /* Frameworks */ = {
			isa = PBXFrameworksBuildPhase;
			buildActionMask = 2147483647;
			files = (
			);
			runOnlyForDeploymentPostprocessing = 0;
		};
/* End PBXFrameworksBuildPhase section */

/* Begin PBXGroup section */
		97755C8226D26BB74A631188 /* Pods */ = {
			isa = PBXGroup;
			children = (
				F58A2B75CFA876DA6BA82520 /* Pods.debug.xcconfig */,
				3216A18EF0BAC94AEC34D978 /* Pods.release.xcconfig */,
			);
			name = Pods;
			sourceTree = "<group>";
		};
		ADB5D4EB4BA5AD8A192C5194 /* Frameworks */ = {
			isa = PBXGroup;
			children = (
				AF8609AFAAC7EB10EB6B3416 /* Pods.framework */,
			);
			name = Frameworks;
			sourceTree = "<group>";
		};
		FA1212681B543F8A00600FFB /* Views */ = {
			isa = PBXGroup;
			children = (
				FA1212661B543F8100600FFB /* ItemCell.swift */,
			);
			name = Views;
			sourceTree = "<group>";
		};
		FAD8FED41B50EA4B00761776 = {
			isa = PBXGroup;
			children = (
				FAD8FEDF1B50EA4B00761776 /* Fly4Free */,
				FAD8FEF51B50EA4B00761776 /* Fly4FreeTests */,
				FAD8FEDE1B50EA4B00761776 /* Products */,
				97755C8226D26BB74A631188 /* Pods */,
				ADB5D4EB4BA5AD8A192C5194 /* Frameworks */,
			);
			sourceTree = "<group>";
		};
		FAD8FEDE1B50EA4B00761776 /* Products */ = {
			isa = PBXGroup;
			children = (
				FAD8FEDD1B50EA4B00761776 /* Fly4Free.app */,
				FAD8FEF21B50EA4B00761776 /* Fly4FreeTests.xctest */,
			);
			name = Products;
			sourceTree = "<group>";
		};
		FAD8FEDF1B50EA4B00761776 /* Fly4Free */ = {
			isa = PBXGroup;
			children = (
				FAFD70FE1B54420400CE86FA /* Models */,
				FA1212681B543F8A00600FFB /* Views */,
				FAD8FEE21B50EA4B00761776 /* AppDelegate.swift */,
				FAD8FEE41B50EA4B00761776 /* ViewController.swift */,
				FA2FFDAE1B50EDBD00D6CD8D /* FeedHandler.swift */,
				FAD8FEE61B50EA4B00761776 /* Main.storyboard */,
				FAD8FEE91B50EA4B00761776 /* Images.xcassets */,
				FAD8FEEB1B50EA4B00761776 /* LaunchScreen.xib */,
				FAD8FEE01B50EA4B00761776 /* Supporting Files */,
			);
			path = Fly4Free;
			sourceTree = "<group>";
		};
		FAD8FEE01B50EA4B00761776 /* Supporting Files */ = {
			isa = PBXGroup;
			children = (
				FAD8FF041B50EB8D00761776 /* Podfile */,
				FAD8FEE11B50EA4B00761776 /* Info.plist */,
			);
			name = "Supporting Files";
			sourceTree = "<group>";
		};
		FAD8FEF51B50EA4B00761776 /* Fly4FreeTests */ = {
			isa = PBXGroup;
			children = (
				FAD8FEF81B50EA4B00761776 /* Fly4FreeTests.swift */,
				FAD8FEF61B50EA4B00761776 /* Supporting Files */,
			);
			path = Fly4FreeTests;
			sourceTree = "<group>";
		};
		FAD8FEF61B50EA4B00761776 /* Supporting Files */ = {
			isa = PBXGroup;
			children = (
				FAD8FEF71B50EA4B00761776 /* Info.plist */,
			);
			name = "Supporting Files";
			sourceTree = "<group>";
		};
		FAFD70FE1B54420400CE86FA /* Models */ = {
			isa = PBXGroup;
			children = (
				FAFD70FF1B54421500CE86FA /* Item.swift */,
			);
			name = Models;
			sourceTree = "<group>";
		};
/* End PBXGroup section */

/* Begin PBXNativeTarget section */
		FAD8FEDC1B50EA4B00761776 /* Fly4Free */ = {
			isa = PBXNativeTarget;
			buildConfigurationList = FAD8FEFC1B50EA4B00761776 /* Build configuration list for PBXNativeTarget "Fly4Free" */;
			buildPhases = (
				3FF290EB57616C19DBE2BDD3 /* Check Pods Manifest.lock */,
				FAD8FED91B50EA4B00761776 /* Sources */,
				FAD8FEDA1B50EA4B00761776 /* Frameworks */,
				FAD8FEDB1B50EA4B00761776 /* Resources */,
				FD1722D116EA2F16BDD0FC8D /* Embed Pods Frameworks */,
				97AA709042C947EEBFA12E61 /* Copy Pods Resources */,
			);
			buildRules = (
			);
			dependencies = (
			);
			name = Fly4Free;
			productName = Fly4Free;
			productReference = FAD8FEDD1B50EA4B00761776 /* Fly4Free.app */;
			productType = "com.apple.product-type.application";
		};
		FAD8FEF11B50EA4B00761776 /* Fly4FreeTests */ = {
			isa = PBXNativeTarget;
			buildConfigurationList = FAD8FEFF1B50EA4B00761776 /* Build configuration list for PBXNativeTarget "Fly4FreeTests" */;
			buildPhases = (
				FAD8FEEE1B50EA4B00761776 /* Sources */,
				FAD8FEEF1B50EA4B00761776 /* Frameworks */,
				FAD8FEF01B50EA4B00761776 /* Resources */,
			);
			buildRules = (
			);
			dependencies = (
				FAD8FEF41B50EA4B00761776 /* PBXTargetDependency */,
			);
			name = Fly4FreeTests;
			productName = Fly4FreeTests;
			productReference = FAD8FEF21B50EA4B00761776 /* Fly4FreeTests.xctest */;
			productType = "com.apple.product-type.bundle.unit-test";
		};
/* End PBXNativeTarget section */

/* Begin PBXProject section */
		FAD8FED51B50EA4B00761776 /* Project object */ = {
			isa = PBXProject;
			attributes = {
				LastUpgradeCheck = 0640;
				ORGANIZATIONNAME = opendev;
				TargetAttributes = {
					FAD8FEDC1B50EA4B00761776 = {
						CreatedOnToolsVersion = 6.4;
					};
					FAD8FEF11B50EA4B00761776 = {
						CreatedOnToolsVersion = 6.4;
						TestTargetID = FAD8FEDC1B50EA4B00761776;
					};
				};
			};
			buildConfigurationList = FAD8FED81B50EA4B00761776 /* Build configuration list for PBXProject "Fly4Free" */;
			compatibilityVersion = "Xcode 3.2";
			developmentRegion = English;
			hasScannedForEncodings = 0;
			knownRegions = (
				en,
				Base,
			);
			mainGroup = FAD8FED41B50EA4B00761776;
			productRefGroup = FAD8FEDE1B50EA4B00761776 /* Products */;
			projectDirPath = "";
			projectRoot = "";
			targets = (
				FAD8FEDC1B50EA4B00761776 /* Fly4Free */,
				FAD8FEF11B50EA4B00761776 /* Fly4FreeTests */,
			);
		};
/* End PBXProject section */

/* Begin PBXResourcesBuildPhase section */
		FAD8FEDB1B50EA4B00761776 /* Resources */ = {
			isa = PBXResourcesBuildPhase;
			buildActionMask = 2147483647;
			files = (
				FAD8FEE81B50EA4B00761776 /* Main.storyboard in Resources */,
				FAD8FEED1B50EA4B00761776 /* LaunchScreen.xib in Resources */,
				FAD8FF051B50EB8D00761776 /* Podfile in Resources */,
				FAD8FEEA1B50EA4B00761776 /* Images.xcassets in Resources */,
			);
			runOnlyForDeploymentPostprocessing = 0;
		};
		FAD8FEF01B50EA4B00761776 /* Resources */ = {
			isa = PBXResourcesBuildPhase;
			buildActionMask = 2147483647;
			files = (
			);
			runOnlyForDeploymentPostprocessing = 0;
		};
/* End PBXResourcesBuildPhase section */

/* Begin PBXShellScriptBuildPhase section */
		3FF290EB57616C19DBE2BDD3 /* Check Pods Manifest.lock */ = {
			isa = PBXShellScriptBuildPhase;
			buildActionMask = 2147483647;
			files = (
			);
			inputPaths = (
			);
			name = "Check Pods Manifest.lock";
			outputPaths = (
			);
			runOnlyForDeploymentPostprocessing = 0;
			shellPath = /bin/sh;
			shellScript = "diff \"${PODS_ROOT}/../Podfile.lock\" \"${PODS_ROOT}/Manifest.lock\" > /dev/null\nif [[ $? != 0 ]] ; then\n    cat << EOM\nerror: The sandbox is not in sync with the Podfile.lock. Run 'pod install' or update your CocoaPods installation.\nEOM\n    exit 1\nfi\n";
			showEnvVarsInLog = 0;
		};
		97AA709042C947EEBFA12E61 /* Copy Pods Resources */ = {
			isa = PBXShellScriptBuildPhase;
			buildActionMask = 2147483647;
			files = (
			);
			inputPaths = (
			);
			name = "Copy Pods Resources";
			outputPaths = (
			);
			runOnlyForDeploymentPostprocessing = 0;
			shellPath = /bin/sh;
			shellScript = "\"${SRCROOT}/Pods/Target Support Files/Pods/Pods-resources.sh\"\n";
			showEnvVarsInLog = 0;
		};
		FD1722D116EA2F16BDD0FC8D /* Embed Pods Frameworks */ = {
			isa = PBXShellScriptBuildPhase;
			buildActionMask = 2147483647;
			files = (
			);
			inputPaths = (
			);
			name = "Embed Pods Frameworks";
			outputPaths = (
			);
			runOnlyForDeploymentPostprocessing = 0;
			shellPath = /bin/sh;
			shellScript = "\"${SRCROOT}/Pods/Target Support Files/Pods/Pods-frameworks.sh\"\n";
			showEnvVarsInLog = 0;
		};
/* End PBXShellScriptBuildPhase section */

/* Begin PBXSourcesBuildPhase section */
		FAD8FED91B50EA4B00761776 /* Sources */ = {
			isa = PBXSourcesBuildPhase;
			buildActionMask = 2147483647;
			files = (
				FAFD71001B54421500CE86FA /* Item.swift in Sources */,
				FA1212671B543F8100600FFB /* ItemCell.swift in Sources */,
				FA2FFDAF1B50EDBD00D6CD8D /* FeedHandler.swift in Sources */,
				FAD8FEE51B50EA4B00761776 /* ViewController.swift in Sources */,
				FAD8FEE31B50EA4B00761776 /* AppDelegate.swift in Sources */,
			);
			runOnlyForDeploymentPostprocessing = 0;
		};
		FAD8FEEE1B50EA4B00761776 /* Sources */ = {
			isa = PBXSourcesBuildPhase;
			buildActionMask = 2147483647;
			files = (
				FAD8FEF91B50EA4B00761776 /* Fly4FreeTests.swift in Sources */,
			);
			runOnlyForDeploymentPostprocessing = 0;
		};
/* End PBXSourcesBuildPhase section */

/* Begin PBXTargetDependency section */
		FAD8FEF41B50EA4B00761776 /* PBXTargetDependency */ = {
			isa = PBXTargetDependency;
			target = FAD8FEDC1B50EA4B00761776 /* Fly4Free */;
			targetProxy = FAD8FEF31B50EA4B00761776 /* PBXContainerItemProxy */;
		};
/* End PBXTargetDependency section */

/* Begin PBXVariantGroup section */
		FAD8FEE61B50EA4B00761776 /* Main.storyboard */ = {
			isa = PBXVariantGroup;
			children = (
				FAD8FEE71B50EA4B00761776 /* Base */,
			);
			name = Main.storyboard;
			sourceTree = "<group>";
		};
		FAD8FEEB1B50EA4B00761776 /* LaunchScreen.xib */ = {
			isa = PBXVariantGroup;
			children = (
				FAD8FEEC1B50EA4B00761776 /* Base */,
			);
			name = LaunchScreen.xib;
			sourceTree = "<group>";
		};
/* End PBXVariantGroup section */

/* Begin XCBuildConfiguration section */
		FAD8FEFA1B50EA4B00761776 /* Debug */ = {
			isa = XCBuildConfiguration;
			buildSettings = {
				ALWAYS_SEARCH_USER_PATHS = NO;
				CLANG_CXX_LANGUAGE_STANDARD = "gnu++0x";
				CLANG_CXX_LIBRARY = "libc++";
				CLANG_ENABLE_MODULES = YES;
				CLANG_ENABLE_OBJC_ARC = YES;
				CLANG_WARN_BOOL_CONVERSION = YES;
				CLANG_WARN_CONSTANT_CONVERSION = YES;
				CLANG_WARN_DIRECT_OBJC_ISA_USAGE = YES_ERROR;
				CLANG_WARN_EMPTY_BODY = YES;
				CLANG_WARN_ENUM_CONVERSION = YES;
				CLANG_WARN_INT_CONVERSION = YES;
				CLANG_WARN_OBJC_ROOT_CLASS = YES_ERROR;
				CLANG_WARN_UNREACHABLE_CODE = YES;
				CLANG_WARN__DUPLICATE_METHOD_MATCH = YES;
				"CODE_SIGN_IDENTITY[sdk=iphoneos*]" = "iPhone Developer";
				COPY_PHASE_STRIP = NO;
				DEBUG_INFORMATION_FORMAT = "dwarf-with-dsym";
				ENABLE_STRICT_OBJC_MSGSEND = YES;
				GCC_C_LANGUAGE_STANDARD = gnu99;
				GCC_DYNAMIC_NO_PIC = NO;
				GCC_NO_COMMON_BLOCKS = YES;
				GCC_OPTIMIZATION_LEVEL = 0;
				GCC_PREPROCESSOR_DEFINITIONS = (
					"DEBUG=1",
					"$(inherited)",
				);
				GCC_SYMBOLS_PRIVATE_EXTERN = NO;
				GCC_WARN_64_TO_32_BIT_CONVERSION = YES;
				GCC_WARN_ABOUT_RETURN_TYPE = YES_ERROR;
				GCC_WARN_UNDECLARED_SELECTOR = YES;
				GCC_WARN_UNINITIALIZED_AUTOS = YES_AGGRESSIVE;
				GCC_WARN_UNUSED_FUNCTION = YES;
				GCC_WARN_UNUSED_VARIABLE = YES;
				IPHONEOS_DEPLOYMENT_TARGET = 8.4;
				MTL_ENABLE_DEBUG_INFO = YES;
				ONLY_ACTIVE_ARCH = YES;
				SDKROOT = iphoneos;
				SWIFT_OPTIMIZATION_LEVEL = "-Onone";
			};
			name = Debug;
		};
		FAD8FEFB1B50EA4B00761776 /* Release */ = {
			isa = XCBuildConfiguration;
			buildSettings = {
				ALWAYS_SEARCH_USER_PATHS = NO;
				CLANG_CXX_LANGUAGE_STANDARD = "gnu++0x";
				CLANG_CXX_LIBRARY = "libc++";
				CLANG_ENABLE_MODULES = YES;
				CLANG_ENABLE_OBJC_ARC = YES;
				CLANG_WARN_BOOL_CONVERSION = YES;
				CLANG_WARN_CONSTANT_CONVERSION = YES;
				CLANG_WARN_DIRECT_OBJC_ISA_USAGE = YES_ERROR;
				CLANG_WARN_EMPTY_BODY = YES;
				CLANG_WARN_ENUM_CONVERSION = YES;
				CLANG_WARN_INT_CONVERSION = YES;
				CLANG_WARN_OBJC_ROOT_CLASS = YES_ERROR;
				CLANG_WARN_UNREACHABLE_CODE = YES;
				CLANG_WARN__DUPLICATE_METHOD_MATCH = YES;
				"CODE_SIGN_IDENTITY[sdk=iphoneos*]" = "iPhone Developer";
				COPY_PHASE_STRIP = NO;
				DEBUG_INFORMATION_FORMAT = "dwarf-with-dsym";
				ENABLE_NS_ASSERTIONS = NO;
				ENABLE_STRICT_OBJC_MSGSEND = YES;
				GCC_C_LANGUAGE_STANDARD = gnu99;
				GCC_NO_COMMON_BLOCKS = YES;
				GCC_WARN_64_TO_32_BIT_CONVERSION = YES;
				GCC_WARN_ABOUT_RETURN_TYPE = YES_ERROR;
				GCC_WARN_UNDECLARED_SELECTOR = YES;
				GCC_WARN_UNINITIALIZED_AUTOS = YES_AGGRESSIVE;
				GCC_WARN_UNUSED_FUNCTION = YES;
				GCC_WARN_UNUSED_VARIABLE = YES;
				IPHONEOS_DEPLOYMENT_TARGET = 8.4;
				MTL_ENABLE_DEBUG_INFO = NO;
				SDKROOT = iphoneos;
				VALIDATE_PRODUCT = YES;
			};
			name = Release;
		};
		FAD8FEFD1B50EA4B00761776 /* Debug */ = {
			isa = XCBuildConfiguration;
			baseConfigurationReference = F58A2B75CFA876DA6BA82520 /* Pods.debug.xcconfig */;
			buildSettings = {
				ASSETCATALOG_COMPILER_APPICON_NAME = AppIcon;
				INFOPLIST_FILE = Fly4Free/Info.plist;
				LD_RUNPATH_SEARCH_PATHS = "$(inherited) @executable_path/Frameworks";
				PRODUCT_NAME = "$(TARGET_NAME)";
			};
			name = Debug;
		};
		FAD8FEFE1B50EA4B00761776 /* Release */ = {
			isa = XCBuildConfiguration;
			baseConfigurationReference = 3216A18EF0BAC94AEC34D978 /* Pods.release.xcconfig */;
			buildSettings = {
				ASSETCATALOG_COMPILER_APPICON_NAME = AppIcon;
				INFOPLIST_FILE = Fly4Free/Info.plist;
				LD_RUNPATH_SEARCH_PATHS = "$(inherited) @executable_path/Frameworks";
				PRODUCT_NAME = "$(TARGET_NAME)";
			};
			name = Release;
		};
		FAD8FF001B50EA4B00761776 /* Debug */ = {
			isa = XCBuildConfiguration;
			buildSettings = {
				BUNDLE_LOADER = "$(TEST_HOST)";
				FRAMEWORK_SEARCH_PATHS = (
					"$(SDKROOT)/Developer/Library/Frameworks",
					"$(inherited)",
				);
				GCC_PREPROCESSOR_DEFINITIONS = (
					"DEBUG=1",
					"$(inherited)",
				);
				INFOPLIST_FILE = Fly4FreeTests/Info.plist;
				LD_RUNPATH_SEARCH_PATHS = "$(inherited) @executable_path/Frameworks @loader_path/Frameworks";
				PRODUCT_NAME = "$(TARGET_NAME)";
				TEST_HOST = "$(BUILT_PRODUCTS_DIR)/Fly4Free.app/Fly4Free";
			};
			name = Debug;
		};
		FAD8FF011B50EA4B00761776 /* Release */ = {
			isa = XCBuildConfiguration;
			buildSettings = {
				BUNDLE_LOADER = "$(TEST_HOST)";
				FRAMEWORK_SEARCH_PATHS = (
					"$(SDKROOT)/Developer/Library/Frameworks",
					"$(inherited)",
				);
				INFOPLIST_FILE = Fly4FreeTests/Info.plist;
				LD_RUNPATH_SEARCH_PATHS = "$(inherited) @executable_path/Frameworks @loader_path/Frameworks";
				PRODUCT_NAME = "$(TARGET_NAME)";
				TEST_HOST = "$(BUILT_PRODUCTS_DIR)/Fly4Free.app/Fly4Free";
			};
			name = Release;
		};
/* End XCBuildConfiguration section */

/* Begin XCConfigurationList section */
		FAD8FED81B50EA4B00761776 /* Build configuration list for PBXProject "Fly4Free" */ = {
			isa = XCConfigurationList;
			buildConfigurations = (
				FAD8FEFA1B50EA4B00761776 /* Debug */,
				FAD8FEFB1B50EA4B00761776 /* Release */,
			);
			defaultConfigurationIsVisible = 0;
			defaultConfigurationName = Release;
		};
		FAD8FEFC1B50EA4B00761776 /* Build configuration list for PBXNativeTarget "Fly4Free" */ = {
			isa = XCConfigurationList;
			buildConfigurations = (
				FAD8FEFD1B50EA4B00761776 /* Debug */,
				FAD8FEFE1B50EA4B00761776 /* Release */,
			);
			defaultConfigurationIsVisible = 0;
			defaultConfigurationName = Release;
		};
		FAD8FEFF1B50EA4B00761776 /* Build configuration list for PBXNativeTarget "Fly4FreeTests" */ = {
			isa = XCConfigurationList;
			buildConfigurations = (
				FAD8FF001B50EA4B00761776 /* Debug */,
				FAD8FF011B50EA4B00761776 /* Release */,
			);
			defaultConfigurationIsVisible = 0;
			defaultConfigurationName = Release;
		};
/* End XCConfigurationList section */
	};
	rootObject = FAD8FED51B50EA4B00761776 /* Project object */;
}
